
Microsoft Visual Studio Solution File, Format Version 12.00
# Visual Studio Version 17
VisualStudioVersion = 17.3.32922.545
MinimumVisualStudioVersion = 10.0.40219.1
Project("{9A19103F-16F7-4668-BE54-9A1E7A4F7556}") = "CactusDepot.HostChecker", "CactusDepot.HostChecker.csproj", "{B88A875B-E7AC-4A07-9134-77B8A0EAF748}"
EndProject
Global
	GlobalSection(SolutionConfigurationPlatforms) = preSolution
		Debug|Any CPU = Debug|Any CPU
		Release|Any CPU = Release|Any CPU
	EndGlobalSection
	GlobalSection(ProjectConfigurationPlatforms) = postSolution
		{B88A875B-E7AC-4A07-9134-77B8A0EAF748}.Debug|Any CPU.ActiveCfg = Debug|Any CPU
		{B88A875B-E7AC-4A07-9134-77B8A0EAF748}.Debug|Any CPU.Build.0 = Debug|Any CPU
		{B88A875B-E7AC-4A07-9134-77B8A0EAF748}.Release|Any CPU.ActiveCfg = Release|Any CPU
		{B88A875B-E7AC-4A07-9134-77B8A0EAF748}.Release|Any CPU.Build.0 = Release|Any CPU
	EndGlobalSection
	GlobalSection(SolutionProperties) = preSolution
		HideSolutionNode = FALSE
	EndGlobalSection
	GlobalSection(ExtensibilityGlobals) = postSolution
		SolutionGuid = {C24B2333-C419-49CB-B165-0F1045E34E21}
	EndGlobalSection
EndGlobal
