
Microsoft Visual Studio Solution File, Format Version 12.00
# Visual Studio Version 17
VisualStudioVersion = 17.1.32407.343
MinimumVisualStudioVersion = 10.0.40219.1
Project("{9A19103F-16F7-4668-BE54-9A1E7A4F7556}") = "CactusDepot.Seeds", "CactusDepot.Seeds\CactusDepot.Seeds.csproj", "{01239A29-1C04-43C1-A506-ECBAAA8FFCD3}"
EndProject
Project("{2150E333-8FDC-42A3-9474-1A3956D46DE8}") = "Docs", "Docs", "{7754AAAF-23A9-4370-A0A8-15E254B5CBE4}"
	ProjectSection(SolutionItems) = preProject
		Docs\compose_deploy.txt = Docs\compose_deploy.txt
		Docker.txt = Docker.txt
		HealthCheck.txt = HealthCheck.txt
		Docs\ReadMe.txt = Docs\ReadMe.txt
		Volumes.txt = Volumes.txt
	EndProjectSection
EndProject
Project("{9A19103F-16F7-4668-BE54-9A1E7A4F7556}") = "CactusDepot.Common.Models", "CactusDepot.Common.Models\CactusDepot.Common.Models.csproj", "{9C4BB413-2BE4-4A42-86D5-C13F1CD08083}"
EndProject
Project("{9A19103F-16F7-4668-BE54-9A1E7A4F7556}") = "CactusDepot.Common.DataContext", "CactusDepot.Common.DataContext\CactusDepot.Common.DataContext.csproj", "{B6A3ED18-933A-4B5A-9A6B-6B1F99433C16}"
EndProject
Project("{E53339B2-1760-4266-BCC7-CA923CBCF16C}") = "docker-compose", "docker-compose.dcproj", "{29B265FB-059D-4196-8BDE-4EB62AA30A5F}"
EndProject
Project("{9A19103F-16F7-4668-BE54-9A1E7A4F7556}") = "CactusDepot.HostChecker", "..\CactusDepot.HostChecker\CactusDepot.HostChecker.csproj", "{8D65D7C1-BFFA-4B61-8EA3-D3834D0658B8}"
EndProject
Global
	GlobalSection(SolutionConfigurationPlatforms) = preSolution
		Debug|Any CPU = Debug|Any CPU
		Release|Any CPU = Release|Any CPU
	EndGlobalSection
	GlobalSection(ProjectConfigurationPlatforms) = postSolution
		{01239A29-1C04-43C1-A506-ECBAAA8FFCD3}.Debug|Any CPU.ActiveCfg = Debug|Any CPU
		{01239A29-1C04-43C1-A506-ECBAAA8FFCD3}.Debug|Any CPU.Build.0 = Debug|Any CPU
		{01239A29-1C04-43C1-A506-ECBAAA8FFCD3}.Release|Any CPU.ActiveCfg = Release|Any CPU
		{01239A29-1C04-43C1-A506-ECBAAA8FFCD3}.Release|Any CPU.Build.0 = Release|Any CPU
		{9C4BB413-2BE4-4A42-86D5-C13F1CD08083}.Debug|Any CPU.ActiveCfg = Debug|Any CPU
		{9C4BB413-2BE4-4A42-86D5-C13F1CD08083}.Debug|Any CPU.Build.0 = Debug|Any CPU
		{9C4BB413-2BE4-4A42-86D5-C13F1CD08083}.Release|Any CPU.ActiveCfg = Release|Any CPU
		{9C4BB413-2BE4-4A42-86D5-C13F1CD08083}.Release|Any CPU.Build.0 = Release|Any CPU
		{B6A3ED18-933A-4B5A-9A6B-6B1F99433C16}.Debug|Any CPU.ActiveCfg = Debug|Any CPU
		{B6A3ED18-933A-4B5A-9A6B-6B1F99433C16}.Debug|Any CPU.Build.0 = Debug|Any CPU
		{B6A3ED18-933A-4B5A-9A6B-6B1F99433C16}.Release|Any CPU.ActiveCfg = Release|Any CPU
		{B6A3ED18-933A-4B5A-9A6B-6B1F99433C16}.Release|Any CPU.Build.0 = Release|Any CPU
		{29B265FB-059D-4196-8BDE-4EB62AA30A5F}.Debug|Any CPU.ActiveCfg = Debug|Any CPU
		{29B265FB-059D-4196-8BDE-4EB62AA30A5F}.Debug|Any CPU.Build.0 = Debug|Any CPU
		{29B265FB-059D-4196-8BDE-4EB62AA30A5F}.Release|Any CPU.ActiveCfg = Release|Any CPU
		{29B265FB-059D-4196-8BDE-4EB62AA30A5F}.Release|Any CPU.Build.0 = Release|Any CPU
		{8D65D7C1-BFFA-4B61-8EA3-D3834D0658B8}.Debug|Any CPU.ActiveCfg = Debug|Any CPU
		{8D65D7C1-BFFA-4B61-8EA3-D3834D0658B8}.Release|Any CPU.ActiveCfg = Release|Any CPU
		{8D65D7C1-BFFA-4B61-8EA3-D3834D0658B8}.Release|Any CPU.Build.0 = Release|Any CPU
	EndGlobalSection
	GlobalSection(SolutionProperties) = preSolution
		HideSolutionNode = FALSE
	EndGlobalSection
	GlobalSection(ExtensibilityGlobals) = postSolution
		SolutionGuid = {3E29C41D-EFA5-443A-B6D3-D18E5C239C89}
	EndGlobalSection
EndGlobal
